
Microsoft Visual Studio Solution File, Format Version 12.00
# Visual Studio Version 17
VisualStudioVersion = 17.3.32901.215
MinimumVisualStudioVersion = 10.0.40219.1
Project("{FAE04EC0-301F-11D3-BF4B-00C04F79EFBC}") = "IwantApp", "IwantApp.csproj", "{82FCF8E7-943F-410F-A33C-2B9AA91FA09A}"
EndProject
Global
	GlobalSection(SolutionConfigurationPlatforms) = preSolution
		Debug|Any CPU = Debug|Any CPU
		Release|Any CPU = Release|Any CPU
	EndGlobalSection
	GlobalSection(ProjectConfigurationPlatforms) = postSolution
		{82FCF8E7-943F-410F-A33C-2B9AA91FA09A}.Debug|Any CPU.ActiveCfg = Debug|Any CPU
		{82FCF8E7-943F-410F-A33C-2B9AA91FA09A}.Debug|Any CPU.Build.0 = Debug|Any CPU
		{82FCF8E7-943F-410F-A33C-2B9AA91FA09A}.Release|Any CPU.ActiveCfg = Release|Any CPU
		{82FCF8E7-943F-410F-A33C-2B9AA91FA09A}.Release|Any CPU.Build.0 = Release|Any CPU
	EndGlobalSection
	GlobalSection(SolutionProperties) = preSolution
		HideSolutionNode = FALSE
	EndGlobalSection
	GlobalSection(ExtensibilityGlobals) = postSolution
		SolutionGuid = {76C78883-C510-47FF-A9C9-6F3378A4A24E}
	EndGlobalSection
EndGlobal
